{
  "version": 4,
  "terraform_version": "1.1.5",
  "serial": 37,
  "lineage": "0992823e-8529-bf4c-0c7c-00743e8db50e",
  "outputs": {},
  "resources": [
    {
      "module": "module.private-test",
      "mode": "managed",
      "type": "aws_subnet",
      "name": "private",
      "provider": "module.private-test.provider[\"registry.terraform.io/hashicorp/aws\"]",
      "instances": [
        {
          "index_key": 0,
          "schema_version": 1,
          "attributes": {
            "arn": "arn:aws:ec2:ap-east-1:223195744469:subnet/subnet-0734222fa315bfaee",
            "assign_ipv6_address_on_creation": false,
            "availability_zone": "ap-east-1a",
            "availability_zone_id": "ape1-az1",
            "cidr_block": "10.10.1.0/24",
            "customer_owned_ipv4_pool": "",
            "enable_dns64": false,
            "enable_resource_name_dns_a_record_on_launch": false,
            "enable_resource_name_dns_aaaa_record_on_launch": false,
            "id": "subnet-0734222fa315bfaee",
            "ipv6_cidr_block": "",
            "ipv6_cidr_block_association_id": "",
            "ipv6_native": false,
            "map_customer_owned_ip_on_launch": false,
            "map_public_ip_on_launch": false,
            "outpost_arn": "",
            "owner_id": "223195744469",
            "private_dns_hostname_type_on_launch": "ip-name",
            "tags": {
              "Env": "public-test",
              "Name": "public-test-private"
            },
            "tags_all": {
              "Env": "public-test",
              "Name": "public-test-private"
            },
            "timeouts": null,
            "vpc_id": "vpc-06ff1f5b4e4ccd65a"
          },
          "sensitive_attributes": [],
          "private": "eyJlMmJmYjczMC1lY2FhLTExZTYtOGY4OC0zNDM2M2JjN2M0YzAiOnsiY3JlYXRlIjo2MDAwMDAwMDAwMDAsImRlbGV0ZSI6MTIwMDAwMDAwMDAwMH0sInNjaGVtYV92ZXJzaW9uIjoiMSJ9",
          "dependencies": [
            "module.private-test.aws_vpc.ownvpc"
          ]
        }
      ]
    },
    {
      "module": "module.private-test",
      "mode": "managed",
      "type": "aws_vpc",
      "name": "ownvpc",
      "provider": "module.private-test.provider[\"registry.terraform.io/hashicorp/aws\"]",
      "instances": [
        {
          "schema_version": 1,
          "attributes": {
            "arn": "arn:aws:ec2:ap-east-1:223195744469:vpc/vpc-06ff1f5b4e4ccd65a",
            "assign_generated_ipv6_cidr_block": false,
            "cidr_block": "10.10.0.0/16",
            "default_network_acl_id": "acl-0964534fd51c6a239",
            "default_route_table_id": "rtb-047316a251b58b0ed",
            "default_security_group_id": "sg-0265266cabbff5126",
            "dhcp_options_id": "dopt-0853713673078d22a",
            "enable_classiclink": false,
            "enable_classiclink_dns_support": false,
            "enable_dns_hostnames": false,
            "enable_dns_support": true,
            "id": "vpc-06ff1f5b4e4ccd65a",
            "instance_tenancy": "default",
            "ipv4_ipam_pool_id": null,
            "ipv4_netmask_length": null,
            "ipv6_association_id": "",
            "ipv6_cidr_block": "",
            "ipv6_cidr_block_network_border_group": "",
            "ipv6_ipam_pool_id": "",
            "ipv6_netmask_length": 0,
            "main_route_table_id": "rtb-047316a251b58b0ed",
            "owner_id": "223195744469",
            "tags": {
              "Env": "public-test",
              "Name": "public-test"
            },
            "tags_all": {
              "Env": "public-test",
              "Name": "public-test"
            }
          },
          "sensitive_attributes": [],
          "private": "eyJzY2hlbWFfdmVyc2lvbiI6IjEifQ=="
        }
      ]
    },
    {
      "module": "module.public-test",
      "mode": "managed",
      "type": "aws_subnet",
      "name": "public",
      "provider": "module.public-test.provider[\"registry.terraform.io/hashicorp/aws\"]",
      "instances": [
        {
          "index_key": 0,
          "schema_version": 1,
          "attributes": {
            "arn": "arn:aws:ec2:ap-east-1:223195744469:subnet/subnet-0813ec101271ee27d",
            "assign_ipv6_address_on_creation": false,
            "availability_zone": "ap-east-1a",
            "availability_zone_id": "ape1-az1",
            "cidr_block": "10.10.0.0/24",
            "customer_owned_ipv4_pool": "",
            "enable_dns64": false,
            "enable_resource_name_dns_a_record_on_launch": false,
            "enable_resource_name_dns_aaaa_record_on_launch": false,
            "id": "subnet-0813ec101271ee27d",
            "ipv6_cidr_block": "",
            "ipv6_cidr_block_association_id": "",
            "ipv6_native": false,
            "map_customer_owned_ip_on_launch": false,
            "map_public_ip_on_launch": false,
            "outpost_arn": "",
            "owner_id": "223195744469",
            "private_dns_hostname_type_on_launch": "ip-name",
            "tags": {
              "Env": "public-test",
              "Name": "public-test-public"
            },
            "tags_all": {
              "Env": "public-test",
              "Name": "public-test-public"
            },
            "timeouts": null,
            "vpc_id": "vpc-0aeb216e5e7a04e28"
          },
          "sensitive_attributes": [],
          "private": "eyJlMmJmYjczMC1lY2FhLTExZTYtOGY4OC0zNDM2M2JjN2M0YzAiOnsiY3JlYXRlIjo2MDAwMDAwMDAwMDAsImRlbGV0ZSI6MTIwMDAwMDAwMDAwMH0sInNjaGVtYV92ZXJzaW9uIjoiMSJ9",
          "dependencies": [
            "module.public-test.aws_vpc.ownvpc"
          ]
        }
      ]
    },
    {
      "module": "module.public-test",
      "mode": "managed",
      "type": "aws_vpc",
      "name": "ownvpc",
      "provider": "module.public-test.provider[\"registry.terraform.io/hashicorp/aws\"]",
      "instances": [
        {
          "schema_version": 1,
          "attributes": {
            "arn": "arn:aws:ec2:ap-east-1:223195744469:vpc/vpc-0aeb216e5e7a04e28",
            "assign_generated_ipv6_cidr_block": false,
            "cidr_block": "10.10.0.0/16",
            "default_network_acl_id": "acl-0d87fba0e995b6a55",
            "default_route_table_id": "rtb-0ea7817c723f672d0",
            "default_security_group_id": "sg-0ce0cab9a9ef041d5",
            "dhcp_options_id": "dopt-0853713673078d22a",
            "enable_classiclink": false,
            "enable_classiclink_dns_support": false,
            "enable_dns_hostnames": false,
            "enable_dns_support": true,
            "id": "vpc-0aeb216e5e7a04e28",
            "instance_tenancy": "default",
            "ipv4_ipam_pool_id": null,
            "ipv4_netmask_length": null,
            "ipv6_association_id": "",
            "ipv6_cidr_block": "",
            "ipv6_cidr_block_network_border_group": "",
            "ipv6_ipam_pool_id": "",
            "ipv6_netmask_length": 0,
            "main_route_table_id": "rtb-0ea7817c723f672d0",
            "owner_id": "223195744469",
            "tags": {
              "Env": "public-test",
              "Name": "public-test"
            },
            "tags_all": {
              "Env": "public-test",
              "Name": "public-test"
            }
          },
          "sensitive_attributes": [],
          "private": "eyJzY2hlbWFfdmVyc2lvbiI6IjEifQ=="
        }
      ]
    }
  ]
}
