{
  "version": 4,
  "terraform_version": "1.1.5",
  "serial": 116,
  "lineage": "0992823e-8529-bf4c-0c7c-00743e8db50e",
  "outputs": {},
  "resources": [
    {
      "module": "module.no-route-test",
      "mode": "managed",
      "type": "aws_subnet",
      "name": "custom",
      "provider": "module.no-route-test.provider[\"registry.terraform.io/hashicorp/aws\"]",
      "instances": [
        {
          "schema_version": 1,
          "attributes": {
            "arn": "arn:aws:ec2:ap-east-1:223195744469:subnet/subnet-06c377de463ac436a",
            "assign_ipv6_address_on_creation": false,
            "availability_zone": "ap-east-1a",
            "availability_zone_id": "ape1-az1",
            "cidr_block": "172.31.3.0/24",
            "customer_owned_ipv4_pool": "",
            "enable_dns64": false,
            "enable_resource_name_dns_a_record_on_launch": false,
            "enable_resource_name_dns_aaaa_record_on_launch": false,
            "id": "subnet-06c377de463ac436a",
            "ipv6_cidr_block": "",
            "ipv6_cidr_block_association_id": "",
            "ipv6_native": false,
            "map_customer_owned_ip_on_launch": false,
            "map_public_ip_on_launch": false,
            "outpost_arn": "",
            "owner_id": "223195744469",
            "private_dns_hostname_type_on_launch": "ip-name",
            "tags": {
              "Env": "no-route-test",
              "Name": "no-route-test-private"
            },
            "tags_all": {
              "Env": "no-route-test",
              "Name": "no-route-test-private"
            },
            "timeouts": null,
            "vpc_id": "vpc-00b1628ca609d5dc2"
          },
          "sensitive_attributes": [],
          "private": "eyJlMmJmYjczMC1lY2FhLTExZTYtOGY4OC0zNDM2M2JjN2M0YzAiOnsiY3JlYXRlIjo2MDAwMDAwMDAwMDAsImRlbGV0ZSI6MTIwMDAwMDAwMDAwMH0sInNjaGVtYV92ZXJzaW9uIjoiMSJ9"
        }
      ]
    },
    {
      "module": "module.private-test",
      "mode": "managed",
      "type": "aws_route_table_association",
      "name": "nat_gateway_route",
      "provider": "module.private-test.provider[\"registry.terraform.io/hashicorp/aws\"]",
      "instances": [
        {
          "index_key": 0,
          "schema_version": 0,
          "attributes": {
            "gateway_id": "",
            "id": "rtbassoc-0c34f035dd70f83f7",
            "route_table_id": "rtb-0974885252a19fe97",
            "subnet_id": "subnet-0fcc7ea4b720e935d"
          },
          "sensitive_attributes": [],
          "private": "bnVsbA==",
          "dependencies": [
            "module.private-test.aws_subnet.custom"
          ]
        }
      ]
    },
    {
      "module": "module.private-test",
      "mode": "managed",
      "type": "aws_subnet",
      "name": "custom",
      "provider": "module.private-test.provider[\"registry.terraform.io/hashicorp/aws\"]",
      "instances": [
        {
          "schema_version": 1,
          "attributes": {
            "arn": "arn:aws:ec2:ap-east-1:223195744469:subnet/subnet-0fcc7ea4b720e935d",
            "assign_ipv6_address_on_creation": false,
            "availability_zone": "ap-east-1a",
            "availability_zone_id": "ape1-az1",
            "cidr_block": "172.31.1.0/24",
            "customer_owned_ipv4_pool": "",
            "enable_dns64": false,
            "enable_resource_name_dns_a_record_on_launch": false,
            "enable_resource_name_dns_aaaa_record_on_launch": false,
            "id": "subnet-0fcc7ea4b720e935d",
            "ipv6_cidr_block": "",
            "ipv6_cidr_block_association_id": "",
            "ipv6_native": false,
            "map_customer_owned_ip_on_launch": false,
            "map_public_ip_on_launch": false,
            "outpost_arn": "",
            "owner_id": "223195744469",
            "private_dns_hostname_type_on_launch": "ip-name",
            "tags": {
              "Env": "private-test",
              "Name": "private-test-private"
            },
            "tags_all": {
              "Env": "private-test",
              "Name": "private-test-private"
            },
            "timeouts": null,
            "vpc_id": "vpc-00b1628ca609d5dc2"
          },
          "sensitive_attributes": [],
          "private": "eyJlMmJmYjczMC1lY2FhLTExZTYtOGY4OC0zNDM2M2JjN2M0YzAiOnsiY3JlYXRlIjo2MDAwMDAwMDAwMDAsImRlbGV0ZSI6MTIwMDAwMDAwMDAwMH0sInNjaGVtYV92ZXJzaW9uIjoiMSJ9"
        }
      ]
    },
    {
      "module": "module.public-test",
      "mode": "managed",
      "type": "aws_route_table_association",
      "name": "internet_gateway_route",
      "provider": "module.public-test.provider[\"registry.terraform.io/hashicorp/aws\"]",
      "instances": [
        {
          "index_key": 0,
          "schema_version": 0,
          "attributes": {
            "gateway_id": "",
            "id": "rtbassoc-0c1f24d7529d79847",
            "route_table_id": "rtb-07672bd3972032a38",
            "subnet_id": "subnet-082cee4392975cb8d"
          },
          "sensitive_attributes": [],
          "private": "bnVsbA==",
          "dependencies": [
            "module.public-test.aws_subnet.custom"
          ]
        }
      ]
    },
    {
      "module": "module.public-test",
      "mode": "managed",
      "type": "aws_subnet",
      "name": "custom",
      "provider": "module.public-test.provider[\"registry.terraform.io/hashicorp/aws\"]",
      "instances": [
        {
          "schema_version": 1,
          "attributes": {
            "arn": "arn:aws:ec2:ap-east-1:223195744469:subnet/subnet-082cee4392975cb8d",
            "assign_ipv6_address_on_creation": false,
            "availability_zone": "ap-east-1a",
            "availability_zone_id": "ape1-az1",
            "cidr_block": "172.31.0.0/24",
            "customer_owned_ipv4_pool": "",
            "enable_dns64": false,
            "enable_resource_name_dns_a_record_on_launch": false,
            "enable_resource_name_dns_aaaa_record_on_launch": false,
            "id": "subnet-082cee4392975cb8d",
            "ipv6_cidr_block": "",
            "ipv6_cidr_block_association_id": "",
            "ipv6_native": false,
            "map_customer_owned_ip_on_launch": false,
            "map_public_ip_on_launch": false,
            "outpost_arn": "",
            "owner_id": "223195744469",
            "private_dns_hostname_type_on_launch": "ip-name",
            "tags": {
              "Env": "public-test",
              "Name": "public-test-public"
            },
            "tags_all": {
              "Env": "public-test",
              "Name": "public-test-public"
            },
            "timeouts": null,
            "vpc_id": "vpc-00b1628ca609d5dc2"
          },
          "sensitive_attributes": [],
          "private": "eyJlMmJmYjczMC1lY2FhLTExZTYtOGY4OC0zNDM2M2JjN2M0YzAiOnsiY3JlYXRlIjo2MDAwMDAwMDAwMDAsImRlbGV0ZSI6MTIwMDAwMDAwMDAwMH0sInNjaGVtYV92ZXJzaW9uIjoiMSJ9"
        }
      ]
    }
  ]
}
